
Microsoft Visual Studio Solution File, Format Version 12.00
# Visual Studio Version 16
VisualStudioVersion = 16.0.29324.140
MinimumVisualStudioVersion = 10.0.40219.1
Project("{2150E333-8FDC-42A3-9474-1A3956D46DE8}") = "Application", "Application", "{6732B778-A7B8-407B-85B5-F386AB38D1A4}"
EndProject
Project("{2150E333-8FDC-42A3-9474-1A3956D46DE8}") = "Domain", "Domain", "{8D378D66-AF92-4CFA-B072-7D1E139FD17C}"
EndProject
Project("{2150E333-8FDC-42A3-9474-1A3956D46DE8}") = "Infra.IoC", "Infra.IoC", "{88DCA025-5415-44BE-9A1F-E82D5A02A75B}"
EndProject
Project("{2150E333-8FDC-42A3-9474-1A3956D46DE8}") = "Infra.Data", "Infra.Data", "{6D16F744-1BAF-4DCA-9840-17764BE24D53}"
EndProject
Project("{2150E333-8FDC-42A3-9474-1A3956D46DE8}") = "Presentation", "Presentation", "{47302F96-C682-4977-8E29-2F81B5316CD7}"
EndProject
Project("{9A19103F-16F7-4668-BE54-9A1E7A4F7556}") = "CleanArch.Mvc", "CleanArch.Mvc\CleanArch.Mvc.csproj", "{9D1AB6BF-078F-406B-B657-1FBF6DE58D58}"
EndProject
Project("{9A19103F-16F7-4668-BE54-9A1E7A4F7556}") = "CleanArch.Domain", "CleanArch.Domain\CleanArch.Domain.csproj", "{8E7B1DDD-E7DB-41B5-9B4F-827B1DFFE492}"
EndProject
Project("{9A19103F-16F7-4668-BE54-9A1E7A4F7556}") = "CleanArch.Infra.Data", "CleanArch.Infra.Data\CleanArch.Infra.Data.csproj", "{7FDF5590-D113-4A8F-9EC9-9FB3164B72D0}"
EndProject
Project("{9A19103F-16F7-4668-BE54-9A1E7A4F7556}") = "CleanArch.Application", "CleanArch.Application\CleanArch.Application.csproj", "{813275D2-1B03-46F5-9BF5-748FDF2261E3}"
EndProject
Project("{9A19103F-16F7-4668-BE54-9A1E7A4F7556}") = "CleanArch.Infra.IoC", "CleanArch.Infra.IoC\CleanArch.Infra.IoC.csproj", "{C10C554C-71CD-4703-BED8-5AC5EA6ECF89}"
EndProject
Project("{2150E333-8FDC-42A3-9474-1A3956D46DE8}") = "Infra.Bus", "Infra.Bus", "{A2AA87BE-D40C-4024-8FB2-FDA399F7C362}"
EndProject
Project("{2150E333-8FDC-42A3-9474-1A3956D46DE8}") = "Api", "Api", "{39D7AF88-E1CE-4760-BC28-2515EC8929D6}"
EndProject
Project("{9A19103F-16F7-4668-BE54-9A1E7A4F7556}") = "CleanArch.Infra.Bus", "CleanArch.Infra.Bus\CleanArch.Infra.Bus.csproj", "{0A0ABE34-CD96-4990-B389-53350DA7B75F}"
EndProject
Project("{9A19103F-16F7-4668-BE54-9A1E7A4F7556}") = "CleanArch.Domain.Core", "CleanArch.Domain.Core\CleanArch.Domain.Core.csproj", "{2653738C-7D40-4C9F-9E97-21ABFFCFDD30}"
EndProject
Project("{FAE04EC0-301F-11D3-BF4B-00C04F79EFBC}") = "CleanArch.Api", "CleanArch.Api\CleanArch.Api.csproj", "{272CF7A9-1444-40AB-8CA8-247578405B8E}"
EndProject
Global
	GlobalSection(SolutionConfigurationPlatforms) = preSolution
		Debug|Any CPU = Debug|Any CPU
		Release|Any CPU = Release|Any CPU
	EndGlobalSection
	GlobalSection(ProjectConfigurationPlatforms) = postSolution
		{9D1AB6BF-078F-406B-B657-1FBF6DE58D58}.Debug|Any CPU.ActiveCfg = Debug|Any CPU
		{9D1AB6BF-078F-406B-B657-1FBF6DE58D58}.Debug|Any CPU.Build.0 = Debug|Any CPU
		{9D1AB6BF-078F-406B-B657-1FBF6DE58D58}.Release|Any CPU.ActiveCfg = Release|Any CPU
		{9D1AB6BF-078F-406B-B657-1FBF6DE58D58}.Release|Any CPU.Build.0 = Release|Any CPU
		{8E7B1DDD-E7DB-41B5-9B4F-827B1DFFE492}.Debug|Any CPU.ActiveCfg = Debug|Any CPU
		{8E7B1DDD-E7DB-41B5-9B4F-827B1DFFE492}.Debug|Any CPU.Build.0 = Debug|Any CPU
		{8E7B1DDD-E7DB-41B5-9B4F-827B1DFFE492}.Release|Any CPU.ActiveCfg = Release|Any CPU
		{8E7B1DDD-E7DB-41B5-9B4F-827B1DFFE492}.Release|Any CPU.Build.0 = Release|Any CPU
		{7FDF5590-D113-4A8F-9EC9-9FB3164B72D0}.Debug|Any CPU.ActiveCfg = Debug|Any CPU
		{7FDF5590-D113-4A8F-9EC9-9FB3164B72D0}.Debug|Any CPU.Build.0 = Debug|Any CPU
		{7FDF5590-D113-4A8F-9EC9-9FB3164B72D0}.Release|Any CPU.ActiveCfg = Release|Any CPU
		{7FDF5590-D113-4A8F-9EC9-9FB3164B72D0}.Release|Any CPU.Build.0 = Release|Any CPU
		{813275D2-1B03-46F5-9BF5-748FDF2261E3}.Debug|Any CPU.ActiveCfg = Debug|Any CPU
		{813275D2-1B03-46F5-9BF5-748FDF2261E3}.Debug|Any CPU.Build.0 = Debug|Any CPU
		{813275D2-1B03-46F5-9BF5-748FDF2261E3}.Release|Any CPU.ActiveCfg = Release|Any CPU
		{813275D2-1B03-46F5-9BF5-748FDF2261E3}.Release|Any CPU.Build.0 = Release|Any CPU
		{C10C554C-71CD-4703-BED8-5AC5EA6ECF89}.Debug|Any CPU.ActiveCfg = Debug|Any CPU
		{C10C554C-71CD-4703-BED8-5AC5EA6ECF89}.Debug|Any CPU.Build.0 = Debug|Any CPU
		{C10C554C-71CD-4703-BED8-5AC5EA6ECF89}.Release|Any CPU.ActiveCfg = Release|Any CPU
		{C10C554C-71CD-4703-BED8-5AC5EA6ECF89}.Release|Any CPU.Build.0 = Release|Any CPU
		{0A0ABE34-CD96-4990-B389-53350DA7B75F}.Debug|Any CPU.ActiveCfg = Debug|Any CPU
		{0A0ABE34-CD96-4990-B389-53350DA7B75F}.Debug|Any CPU.Build.0 = Debug|Any CPU
		{0A0ABE34-CD96-4990-B389-53350DA7B75F}.Release|Any CPU.ActiveCfg = Release|Any CPU
		{0A0ABE34-CD96-4990-B389-53350DA7B75F}.Release|Any CPU.Build.0 = Release|Any CPU
		{2653738C-7D40-4C9F-9E97-21ABFFCFDD30}.Debug|Any CPU.ActiveCfg = Debug|Any CPU
		{2653738C-7D40-4C9F-9E97-21ABFFCFDD30}.Debug|Any CPU.Build.0 = Debug|Any CPU
		{2653738C-7D40-4C9F-9E97-21ABFFCFDD30}.Release|Any CPU.ActiveCfg = Release|Any CPU
		{2653738C-7D40-4C9F-9E97-21ABFFCFDD30}.Release|Any CPU.Build.0 = Release|Any CPU
		{272CF7A9-1444-40AB-8CA8-247578405B8E}.Debug|Any CPU.ActiveCfg = Debug|Any CPU
		{272CF7A9-1444-40AB-8CA8-247578405B8E}.Debug|Any CPU.Build.0 = Debug|Any CPU
		{272CF7A9-1444-40AB-8CA8-247578405B8E}.Release|Any CPU.ActiveCfg = Release|Any CPU
		{272CF7A9-1444-40AB-8CA8-247578405B8E}.Release|Any CPU.Build.0 = Release|Any CPU
	EndGlobalSection
	GlobalSection(SolutionProperties) = preSolution
		HideSolutionNode = FALSE
	EndGlobalSection
	GlobalSection(NestedProjects) = preSolution
		{9D1AB6BF-078F-406B-B657-1FBF6DE58D58} = {47302F96-C682-4977-8E29-2F81B5316CD7}
		{8E7B1DDD-E7DB-41B5-9B4F-827B1DFFE492} = {8D378D66-AF92-4CFA-B072-7D1E139FD17C}
		{7FDF5590-D113-4A8F-9EC9-9FB3164B72D0} = {6D16F744-1BAF-4DCA-9840-17764BE24D53}
		{813275D2-1B03-46F5-9BF5-748FDF2261E3} = {6732B778-A7B8-407B-85B5-F386AB38D1A4}
		{C10C554C-71CD-4703-BED8-5AC5EA6ECF89} = {88DCA025-5415-44BE-9A1F-E82D5A02A75B}
		{0A0ABE34-CD96-4990-B389-53350DA7B75F} = {A2AA87BE-D40C-4024-8FB2-FDA399F7C362}
		{2653738C-7D40-4C9F-9E97-21ABFFCFDD30} = {8D378D66-AF92-4CFA-B072-7D1E139FD17C}
		{272CF7A9-1444-40AB-8CA8-247578405B8E} = {39D7AF88-E1CE-4760-BC28-2515EC8929D6}
	EndGlobalSection
	GlobalSection(ExtensibilityGlobals) = postSolution
		SolutionGuid = {4B60EB85-F9BE-4603-ADCE-1F8D2304D67C}
	EndGlobalSection
EndGlobal
